// !$*UTF8*$!
{
	archiveVersion = 1;
	classes = {
	};
	objectVersion = 55;
	objects = {

/* Begin PBXBuildFile section */
		A3E6D2A429681FB1003730EE /* AppDelegate.swift in Sources */ = {isa = PBXBuildFile; fileRef = A3E6D2A329681FB1003730EE /* AppDelegate.swift */; };
		A3E6D2A629681FB1003730EE /* SceneDelegate.swift in Sources */ = {isa = PBXBuildFile; fileRef = A3E6D2A529681FB1003730EE /* SceneDelegate.swift */; };
		A3E6D2A829681FB1003730EE /* ViewController.swift in Sources */ = {isa = PBXBuildFile; fileRef = A3E6D2A729681FB1003730EE /* ViewController.swift */; };
		A3E6D2AB29681FB1003730EE /* Main.storyboard in Resources */ = {isa = PBXBuildFile; fileRef = A3E6D2A929681FB1003730EE /* Main.storyboard */; };
		A3E6D2AD29681FB3003730EE /* Assets.xcassets in Resources */ = {isa = PBXBuildFile; fileRef = A3E6D2AC29681FB3003730EE /* Assets.xcassets */; };
		A3E6D2B029681FB3003730EE /* LaunchScreen.storyboard in Resources */ = {isa = PBXBuildFile; fileRef = A3E6D2AE29681FB3003730EE /* LaunchScreen.storyboard */; };
		A3E6D2BB29681FB3003730EE /* MomentsTests.swift in Sources */ = {isa = PBXBuildFile; fileRef = A3E6D2BA29681FB3003730EE /* MomentsTests.swift */; };
		A3E6D2C529681FB3003730EE /* MomentsUITests.swift in Sources */ = {isa = PBXBuildFile; fileRef = A3E6D2C429681FB3003730EE /* MomentsUITests.swift */; };
		A3E6D2C729681FB3003730EE /* MomentsUITestsLaunchTests.swift in Sources */ = {isa = PBXBuildFile; fileRef = A3E6D2C629681FB3003730EE /* MomentsUITestsLaunchTests.swift */; };
/* End PBXBuildFile section */

/* Begin PBXContainerItemProxy section */
		A3E6D2B729681FB3003730EE /* PBXContainerItemProxy */ = {
			isa = PBXContainerItemProxy;
			containerPortal = A3E6D29829681FB1003730EE /* Project object */;
			proxyType = 1;
			remoteGlobalIDString = A3E6D29F29681FB1003730EE;
			remoteInfo = Moments;
		};
		A3E6D2C129681FB3003730EE /* PBXContainerItemProxy */ = {
			isa = PBXContainerItemProxy;
			containerPortal = A3E6D29829681FB1003730EE /* Project object */;
			proxyType = 1;
			remoteGlobalIDString = A3E6D29F29681FB1003730EE;
			remoteInfo = Moments;
		};
/* End PBXContainerItemProxy section */

/* Begin PBXFileReference section */
		A3E6D2A029681FB1003730EE /* Moments.app */ = {isa = PBXFileReference; explicitFileType = wrapper.application; includeInIndex = 0; path = Moments.app; sourceTree = BUILT_PRODUCTS_DIR; };
		A3E6D2A329681FB1003730EE /* AppDelegate.swift */ = {isa = PBXFileReference; lastKnownFileType = sourcecode.swift; path = AppDelegate.swift; sourceTree = "<group>"; };
		A3E6D2A529681FB1003730EE /* SceneDelegate.swift */ = {isa = PBXFileReference; lastKnownFileType = sourcecode.swift; path = SceneDelegate.swift; sourceTree = "<group>"; };
		A3E6D2A729681FB1003730EE /* ViewController.swift */ = {isa = PBXFileReference; lastKnownFileType = sourcecode.swift; path = ViewController.swift; sourceTree = "<group>"; };
		A3E6D2AA29681FB1003730EE /* Base */ = {isa = PBXFileReference; lastKnownFileType = file.storyboard; name = Base; path = Base.lproj/Main.storyboard; sourceTree = "<group>"; };
		A3E6D2AC29681FB3003730EE /* Assets.xcassets */ = {isa = PBXFileReference; lastKnownFileType = folder.assetcatalog; path = Assets.xcassets; sourceTree = "<group>"; };
		A3E6D2AF29681FB3003730EE /* Base */ = {isa = PBXFileReference; lastKnownFileType = file.storyboard; name = Base; path = Base.lproj/LaunchScreen.storyboard; sourceTree = "<group>"; };
		A3E6D2B129681FB3003730EE /* Info.plist */ = {isa = PBXFileReference; lastKnownFileType = text.plist.xml; path = Info.plist; sourceTree = "<group>"; };
		A3E6D2B629681FB3003730EE /* MomentsTests.xctest */ = {isa = PBXFileReference; explicitFileType = wrapper.cfbundle; includeInIndex = 0; path = MomentsTests.xctest; sourceTree = BUILT_PRODUCTS_DIR; };
		A3E6D2BA29681FB3003730EE /* MomentsTests.swift */ = {isa = PBXFileReference; lastKnownFileType = sourcecode.swift; path = MomentsTests.swift; sourceTree = "<group>"; };
		A3E6D2C029681FB3003730EE /* MomentsUITests.xctest */ = {isa = PBXFileReference; explicitFileType = wrapper.cfbundle; includeInIndex = 0; path = MomentsUITests.xctest; sourceTree = BUILT_PRODUCTS_DIR; };
		A3E6D2C429681FB3003730EE /* MomentsUITests.swift */ = {isa = PBXFileReference; lastKnownFileType = sourcecode.swift; path = MomentsUITests.swift; sourceTree = "<group>"; };
		A3E6D2C629681FB3003730EE /* MomentsUITestsLaunchTests.swift */ = {isa = PBXFileReference; lastKnownFileType = sourcecode.swift; path = MomentsUITestsLaunchTests.swift; sourceTree = "<group>"; };
/* End PBXFileReference section */

/* Begin PBXFrameworksBuildPhase section */
		A3E6D29D29681FB1003730EE /* Frameworks */ = {
			isa = PBXFrameworksBuildPhase;
			buildActionMask = 2147483647;
			files = (
			);
			runOnlyForDeploymentPostprocessing = 0;
		};
		A3E6D2B329681FB3003730EE /* Frameworks */ = {
			isa = PBXFrameworksBuildPhase;
			buildActionMask = 2147483647;
			files = (
			);
			runOnlyForDeploymentPostprocessing = 0;
		};
		A3E6D2BD29681FB3003730EE /* Frameworks */ = {
			isa = PBXFrameworksBuildPhase;
			buildActionMask = 2147483647;
			files = (
			);
			runOnlyForDeploymentPostprocessing = 0;
		};
/* End PBXFrameworksBuildPhase section */

/* Begin PBXGroup section */
		A3E6D29729681FB1003730EE = {
			isa = PBXGroup;
			children = (
				A3E6D2A229681FB1003730EE /* Moments */,
				A3E6D2B929681FB3003730EE /* MomentsTests */,
				A3E6D2C329681FB3003730EE /* MomentsUITests */,
				A3E6D2A129681FB1003730EE /* Products */,
			);
			sourceTree = "<group>";
		};
		A3E6D2A129681FB1003730EE /* Products */ = {
			isa = PBXGroup;
			children = (
				A3E6D2A029681FB1003730EE /* Moments.app */,
				A3E6D2B629681FB3003730EE /* MomentsTests.xctest */,
				A3E6D2C029681FB3003730EE /* MomentsUITests.xctest */,
			);
			name = Products;
			sourceTree = "<group>";
		};
		A3E6D2A229681FB1003730EE /* Moments */ = {
			isa = PBXGroup;
			children = (
				A3E6D2A329681FB1003730EE /* AppDelegate.swift */,
				A3E6D2A529681FB1003730EE /* SceneDelegate.swift */,
				A3E6D2A729681FB1003730EE /* ViewController.swift */,
				A3E6D2A929681FB1003730EE /* Main.storyboard */,
				A3E6D2AC29681FB3003730EE /* Assets.xcassets */,
				A3E6D2AE29681FB3003730EE /* LaunchScreen.storyboard */,
				A3E6D2B129681FB3003730EE /* Info.plist */,
			);
			path = Moments;
			sourceTree = "<group>";
		};
		A3E6D2B929681FB3003730EE /* MomentsTests */ = {
			isa = PBXGroup;
			children = (
				A3E6D2BA29681FB3003730EE /* MomentsTests.swift */,
			);
			path = MomentsTests;
			sourceTree = "<group>";
		};
		A3E6D2C329681FB3003730EE /* MomentsUITests */ = {
			isa = PBXGroup;
			children = (
				A3E6D2C429681FB3003730EE /* MomentsUITests.swift */,
				A3E6D2C629681FB3003730EE /* MomentsUITestsLaunchTests.swift */,
			);
			path = MomentsUITests;
			sourceTree = "<group>";
		};
/* End PBXGroup section */

/* Begin PBXNativeTarget section */
		A3E6D29F29681FB1003730EE /* Moments */ = {
			isa = PBXNativeTarget;
			buildConfigurationList = A3E6D2CA29681FB3003730EE /* Build configuration list for PBXNativeTarget "Moments" */;
			buildPhases = (
				A3E6D29C29681FB1003730EE /* Sources */,
				A3E6D29D29681FB1003730EE /* Frameworks */,
				A3E6D29E29681FB1003730EE /* Resources */,
			);
			buildRules = (
			);
			dependencies = (
			);
			name = Moments;
			productName = Moments;
			productReference = A3E6D2A029681FB1003730EE /* Moments.app */;
			productType = "com.apple.product-type.application";
		};
		A3E6D2B529681FB3003730EE /* MomentsTests */ = {
			isa = PBXNativeTarget;
			buildConfigurationList = A3E6D2CD29681FB3003730EE /* Build configuration list for PBXNativeTarget "MomentsTests" */;
			buildPhases = (
				A3E6D2B229681FB3003730EE /* Sources */,
				A3E6D2B329681FB3003730EE /* Frameworks */,
				A3E6D2B429681FB3003730EE /* Resources */,
			);
			buildRules = (
			);
			dependencies = (
				A3E6D2B829681FB3003730EE /* PBXTargetDependency */,
			);
			name = MomentsTests;
			productName = MomentsTests;
			productReference = A3E6D2B629681FB3003730EE /* MomentsTests.xctest */;
			productType = "com.apple.product-type.bundle.unit-test";
		};
		A3E6D2BF29681FB3003730EE /* MomentsUITests */ = {
			isa = PBXNativeTarget;
			buildConfigurationList = A3E6D2D029681FB3003730EE /* Build configuration list for PBXNativeTarget "MomentsUITests" */;
			buildPhases = (
				A3E6D2BC29681FB3003730EE /* Sources */,
				A3E6D2BD29681FB3003730EE /* Frameworks */,
				A3E6D2BE29681FB3003730EE /* Resources */,
			);
			buildRules = (
			);
			dependencies = (
				A3E6D2C229681FB3003730EE /* PBXTargetDependency */,
			);
			name = MomentsUITests;
			productName = MomentsUITests;
			productReference = A3E6D2C029681FB3003730EE /* MomentsUITests.xctest */;
			productType = "com.apple.product-type.bundle.ui-testing";
		};
/* End PBXNativeTarget section */

/* Begin PBXProject section */
		A3E6D29829681FB1003730EE /* Project object */ = {
			isa = PBXProject;
			attributes = {
				BuildIndependentTargetsInParallel = 1;
				LastSwiftUpdateCheck = 1340;
				LastUpgradeCheck = 1340;
				TargetAttributes = {
					A3E6D29F29681FB1003730EE = {
						CreatedOnToolsVersion = 13.4.1;
					};
					A3E6D2B529681FB3003730EE = {
						CreatedOnToolsVersion = 13.4.1;
						TestTargetID = A3E6D29F29681FB1003730EE;
					};
					A3E6D2BF29681FB3003730EE = {
						CreatedOnToolsVersion = 13.4.1;
						TestTargetID = A3E6D29F29681FB1003730EE;
					};
				};
			};
			buildConfigurationList = A3E6D29B29681FB1003730EE /* Build configuration list for PBXProject "Moments" */;
			compatibilityVersion = "Xcode 13.0";
			developmentRegion = en;
			hasScannedForEncodings = 0;
			knownRegions = (
				en,
				Base,
			);
			mainGroup = A3E6D29729681FB1003730EE;
			productRefGroup = A3E6D2A129681FB1003730EE /* Products */;
			projectDirPath = "";
			projectRoot = "";
			targets = (
				A3E6D29F29681FB1003730EE /* Moments */,
				A3E6D2B529681FB3003730EE /* MomentsTests */,
				A3E6D2BF29681FB3003730EE /* MomentsUITests */,
			);
		};
/* End PBXProject section */

/* Begin PBXResourcesBuildPhase section */
		A3E6D29E29681FB1003730EE /* Resources */ = {
			isa = PBXResourcesBuildPhase;
			buildActionMask = 2147483647;
			files = (
				A3E6D2B029681FB3003730EE /* LaunchScreen.storyboard in Resources */,
				A3E6D2AD29681FB3003730EE /* Assets.xcassets in Resources */,
				A3E6D2AB29681FB1003730EE /* Main.storyboard in Resources */,
			);
			runOnlyForDeploymentPostprocessing = 0;
		};
		A3E6D2B429681FB3003730EE /* Resources */ = {
			isa = PBXResourcesBuildPhase;
			buildActionMask = 2147483647;
			files = (
			);
			runOnlyForDeploymentPostprocessing = 0;
		};
		A3E6D2BE29681FB3003730EE /* Resources */ = {
			isa = PBXResourcesBuildPhase;
			buildActionMask = 2147483647;
			files = (
			);
			runOnlyForDeploymentPostprocessing = 0;
		};
/* End PBXResourcesBuildPhase section */

/* Begin PBXSourcesBuildPhase section */
		A3E6D29C29681FB1003730EE /* Sources */ = {
			isa = PBXSourcesBuildPhase;
			buildActionMask = 2147483647;
			files = (
				A3E6D2A829681FB1003730EE /* ViewController.swift in Sources */,
				A3E6D2A429681FB1003730EE /* AppDelegate.swift in Sources */,
				A3E6D2A629681FB1003730EE /* SceneDelegate.swift in Sources */,
			);
			runOnlyForDeploymentPostprocessing = 0;
		};
		A3E6D2B229681FB3003730EE /* Sources */ = {
			isa = PBXSourcesBuildPhase;
			buildActionMask = 2147483647;
			files = (
				A3E6D2BB29681FB3003730EE /* MomentsTests.swift in Sources */,
			);
			runOnlyForDeploymentPostprocessing = 0;
		};
		A3E6D2BC29681FB3003730EE /* Sources */ = {
			isa = PBXSourcesBuildPhase;
			buildActionMask = 2147483647;
			files = (
				A3E6D2C729681FB3003730EE /* MomentsUITestsLaunchTests.swift in Sources */,
				A3E6D2C529681FB3003730EE /* MomentsUITests.swift in Sources */,
			);
			runOnlyForDeploymentPostprocessing = 0;
		};
/* End PBXSourcesBuildPhase section */

/* Begin PBXTargetDependency section */
		A3E6D2B829681FB3003730EE /* PBXTargetDependency */ = {
			isa = PBXTargetDependency;
			target = A3E6D29F29681FB1003730EE /* Moments */;
			targetProxy = A3E6D2B729681FB3003730EE /* PBXContainerItemProxy */;
		};
		A3E6D2C229681FB3003730EE /* PBXTargetDependency */ = {
			isa = PBXTargetDependency;
			target = A3E6D29F29681FB1003730EE /* Moments */;
			targetProxy = A3E6D2C129681FB3003730EE /* PBXContainerItemProxy */;
		};
/* End PBXTargetDependency section */

/* Begin PBXVariantGroup section */
		A3E6D2A929681FB1003730EE /* Main.storyboard */ = {
			isa = PBXVariantGroup;
			children = (
				A3E6D2AA29681FB1003730EE /* Base */,
			);
			name = Main.storyboard;
			sourceTree = "<group>";
		};
		A3E6D2AE29681FB3003730EE /* LaunchScreen.storyboard */ = {
			isa = PBXVariantGroup;
			children = (
				A3E6D2AF29681FB3003730EE /* Base */,
			);
			name = LaunchScreen.storyboard;
			sourceTree = "<group>";
		};
/* End PBXVariantGroup section */

/* Begin XCBuildConfiguration section */
		A3E6D2C829681FB3003730EE /* Debug */ = {
			isa = XCBuildConfiguration;
			buildSettings = {
				ALWAYS_SEARCH_USER_PATHS = NO;
				CLANG_ANALYZER_NONNULL = YES;
				CLANG_ANALYZER_NUMBER_OBJECT_CONVERSION = YES_AGGRESSIVE;
				CLANG_CXX_LANGUAGE_STANDARD = "gnu++17";
				CLANG_ENABLE_MODULES = YES;
				CLANG_ENABLE_OBJC_ARC = YES;
				CLANG_ENABLE_OBJC_WEAK = YES;
				CLANG_WARN_BLOCK_CAPTURE_AUTORELEASING = YES;
				CLANG_WARN_BOOL_CONVERSION = YES;
				CLANG_WARN_COMMA = YES;
				CLANG_WARN_CONSTANT_CONVERSION = YES;
				CLANG_WARN_DEPRECATED_OBJC_IMPLEMENTATIONS = YES;
				CLANG_WARN_DIRECT_OBJC_ISA_USAGE = YES_ERROR;
				CLANG_WARN_DOCUMENTATION_COMMENTS = YES;
				CLANG_WARN_EMPTY_BODY = YES;
				CLANG_WARN_ENUM_CONVERSION = YES;
				CLANG_WARN_INFINITE_RECURSION = YES;
				CLANG_WARN_INT_CONVERSION = YES;
				CLANG_WARN_NON_LITERAL_NULL_CONVERSION = YES;
				CLANG_WARN_OBJC_IMPLICIT_RETAIN_SELF = YES;
				CLANG_WARN_OBJC_LITERAL_CONVERSION = YES;
				CLANG_WARN_OBJC_ROOT_CLASS = YES_ERROR;
				CLANG_WARN_QUOTED_INCLUDE_IN_FRAMEWORK_HEADER = YES;
				CLANG_WARN_RANGE_LOOP_ANALYSIS = YES;
				CLANG_WARN_STRICT_PROTOTYPES = YES;
				CLANG_WARN_SUSPICIOUS_MOVE = YES;
				CLANG_WARN_UNGUARDED_AVAILABILITY = YES_AGGRESSIVE;
				CLANG_WARN_UNREACHABLE_CODE = YES;
				CLANG_WARN__DUPLICATE_METHOD_MATCH = YES;
				COPY_PHASE_STRIP = NO;
				DEBUG_INFORMATION_FORMAT = dwarf;
				ENABLE_STRICT_OBJC_MSGSEND = YES;
				ENABLE_TESTABILITY = YES;
				GCC_C_LANGUAGE_STANDARD = gnu11;
				GCC_DYNAMIC_NO_PIC = NO;
				GCC_NO_COMMON_BLOCKS = YES;
				GCC_OPTIMIZATION_LEVEL = 0;
				GCC_PREPROCESSOR_DEFINITIONS = (
					"DEBUG=1",
					"$(inherited)",
				);
				GCC_WARN_64_TO_32_BIT_CONVERSION = YES;
				GCC_WARN_ABOUT_RETURN_TYPE = YES_ERROR;
				GCC_WARN_UNDECLARED_SELECTOR = YES;
				GCC_WARN_UNINITIALIZED_AUTOS = YES_AGGRESSIVE;
				GCC_WARN_UNUSED_FUNCTION = YES;
				GCC_WARN_UNUSED_VARIABLE = YES;
				IPHONEOS_DEPLOYMENT_TARGET = 15.5;
				MTL_ENABLE_DEBUG_INFO = INCLUDE_SOURCE;
				MTL_FAST_MATH = YES;
				ONLY_ACTIVE_ARCH = YES;
				SDKROOT = iphoneos;
				SWIFT_ACTIVE_COMPILATION_CONDITIONS = DEBUG;
				SWIFT_OPTIMIZATION_LEVEL = "-Onone";
			};
			name = Debug;
		};
		A3E6D2C929681FB3003730EE /* Release */ = {
			isa = XCBuildConfiguration;
			buildSettings = {
				ALWAYS_SEARCH_USER_PATHS = NO;
				CLANG_ANALYZER_NONNULL = YES;
				CLANG_ANALYZER_NUMBER_OBJECT_CONVERSION = YES_AGGRESSIVE;
				CLANG_CXX_LANGUAGE_STANDARD = "gnu++17";
				CLANG_ENABLE_MODULES = YES;
				CLANG_ENABLE_OBJC_ARC = YES;
				CLANG_ENABLE_OBJC_WEAK = YES;
				CLANG_WARN_BLOCK_CAPTURE_AUTORELEASING = YES;
				CLANG_WARN_BOOL_CONVERSION = YES;
				CLANG_WARN_COMMA = YES;
				CLANG_WARN_CONSTANT_CONVERSION = YES;
				CLANG_WARN_DEPRECATED_OBJC_IMPLEMENTATIONS = YES;
				CLANG_WARN_DIRECT_OBJC_ISA_USAGE = YES_ERROR;
				CLANG_WARN_DOCUMENTATION_COMMENTS = YES;
				CLANG_WARN_EMPTY_BODY = YES;
				CLANG_WARN_ENUM_CONVERSION = YES;
				CLANG_WARN_INFINITE_RECURSION = YES;
				CLANG_WARN_INT_CONVERSION = YES;
				CLANG_WARN_NON_LITERAL_NULL_CONVERSION = YES;
				CLANG_WARN_OBJC_IMPLICIT_RETAIN_SELF = YES;
				CLANG_WARN_OBJC_LITERAL_CONVERSION = YES;
				CLANG_WARN_OBJC_ROOT_CLASS = YES_ERROR;
				CLANG_WARN_QUOTED_INCLUDE_IN_FRAMEWORK_HEADER = YES;
				CLANG_WARN_RANGE_LOOP_ANALYSIS = YES;
				CLANG_WARN_STRICT_PROTOTYPES = YES;
				CLANG_WARN_SUSPICIOUS_MOVE = YES;
				CLANG_WARN_UNGUARDED_AVAILABILITY = YES_AGGRESSIVE;
				CLANG_WARN_UNREACHABLE_CODE = YES;
				CLANG_WARN__DUPLICATE_METHOD_MATCH = YES;
				COPY_PHASE_STRIP = NO;
				DEBUG_INFORMATION_FORMAT = "dwarf-with-dsym";
				ENABLE_NS_ASSERTIONS = NO;
				ENABLE_STRICT_OBJC_MSGSEND = YES;
				GCC_C_LANGUAGE_STANDARD = gnu11;
				GCC_NO_COMMON_BLOCKS = YES;
				GCC_WARN_64_TO_32_BIT_CONVERSION = YES;
				GCC_WARN_ABOUT_RETURN_TYPE = YES_ERROR;
				GCC_WARN_UNDECLARED_SELECTOR = YES;
				GCC_WARN_UNINITIALIZED_AUTOS = YES_AGGRESSIVE;
				GCC_WARN_UNUSED_FUNCTION = YES;
				GCC_WARN_UNUSED_VARIABLE = YES;
				IPHONEOS_DEPLOYMENT_TARGET = 15.5;
				MTL_ENABLE_DEBUG_INFO = NO;
				MTL_FAST_MATH = YES;
				SDKROOT = iphoneos;
				SWIFT_COMPILATION_MODE = wholemodule;
				SWIFT_OPTIMIZATION_LEVEL = "-O";
				VALIDATE_PRODUCT = YES;
			};
			name = Release;
		};
		A3E6D2CB29681FB3003730EE /* Debug */ = {
			isa = XCBuildConfiguration;
			buildSettings = {
				ASSETCATALOG_COMPILER_APPICON_NAME = AppIcon;
				ASSETCATALOG_COMPILER_GLOBAL_ACCENT_COLOR_NAME = AccentColor;
				CODE_SIGN_STYLE = Automatic;
				CURRENT_PROJECT_VERSION = 1;
				GENERATE_INFOPLIST_FILE = YES;
				INFOPLIST_FILE = Moments/Info.plist;
				INFOPLIST_KEY_UIApplicationSupportsIndirectInputEvents = YES;
				INFOPLIST_KEY_UILaunchStoryboardName = LaunchScreen;
				INFOPLIST_KEY_UIMainStoryboardFile = Main;
				INFOPLIST_KEY_UISupportedInterfaceOrientations_iPad = "UIInterfaceOrientationPortrait UIInterfaceOrientationPortraitUpsideDown UIInterfaceOrientationLandscapeLeft UIInterfaceOrientationLandscapeRight";
				INFOPLIST_KEY_UISupportedInterfaceOrientations_iPhone = "UIInterfaceOrientationPortrait UIInterfaceOrientationLandscapeLeft UIInterfaceOrientationLandscapeRight";
				LD_RUNPATH_SEARCH_PATHS = (
					"$(inherited)",
					"@executable_path/Frameworks",
				);
				MARKETING_VERSION = 1.0;
				PRODUCT_BUNDLE_IDENTIFIER = com.jakezhou.Moments;
				PRODUCT_NAME = "$(TARGET_NAME)";
				SWIFT_EMIT_LOC_STRINGS = YES;
				SWIFT_VERSION = 5.0;
				TARGETED_DEVICE_FAMILY = "1,2";
			};
			name = Debug;
		};
		A3E6D2CC29681FB3003730EE /* Release */ = {
			isa = XCBuildConfiguration;
			buildSettings = {
				ASSETCATALOG_COMPILER_APPICON_NAME = AppIcon;
				ASSETCATALOG_COMPILER_GLOBAL_ACCENT_COLOR_NAME = AccentColor;
				CODE_SIGN_STYLE = Automatic;
				CURRENT_PROJECT_VERSION = 1;
				GENERATE_INFOPLIST_FILE = YES;
				INFOPLIST_FILE = Moments/Info.plist;
				INFOPLIST_KEY_UIApplicationSupportsIndirectInputEvents = YES;
				INFOPLIST_KEY_UILaunchStoryboardName = LaunchScreen;
				INFOPLIST_KEY_UIMainStoryboardFile = Main;
				INFOPLIST_KEY_UISupportedInterfaceOrientations_iPad = "UIInterfaceOrientationPortrait UIInterfaceOrientationPortraitUpsideDown UIInterfaceOrientationLandscapeLeft UIInterfaceOrientationLandscapeRight";
				INFOPLIST_KEY_UISupportedInterfaceOrientations_iPhone = "UIInterfaceOrientationPortrait UIInterfaceOrientationLandscapeLeft UIInterfaceOrientationLandscapeRight";
				LD_RUNPATH_SEARCH_PATHS = (
					"$(inherited)",
					"@executable_path/Frameworks",
				);
				MARKETING_VERSION = 1.0;
				PRODUCT_BUNDLE_IDENTIFIER = com.jakezhou.Moments;
				PRODUCT_NAME = "$(TARGET_NAME)";
				SWIFT_EMIT_LOC_STRINGS = YES;
				SWIFT_VERSION = 5.0;
				TARGETED_DEVICE_FAMILY = "1,2";
			};
			name = Release;
		};
		A3E6D2CE29681FB3003730EE /* Debug */ = {
			isa = XCBuildConfiguration;
			buildSettings = {
				ALWAYS_EMBED_SWIFT_STANDARD_LIBRARIES = YES;
				BUNDLE_LOADER = "$(TEST_HOST)";
				CODE_SIGN_STYLE = Automatic;
				CURRENT_PROJECT_VERSION = 1;
				GENERATE_INFOPLIST_FILE = YES;
				IPHONEOS_DEPLOYMENT_TARGET = 15.5;
				MARKETING_VERSION = 1.0;
				PRODUCT_BUNDLE_IDENTIFIER = com.jakezhou.MomentsTests;
				PRODUCT_NAME = "$(TARGET_NAME)";
				SWIFT_EMIT_LOC_STRINGS = NO;
				SWIFT_VERSION = 5.0;
				TARGETED_DEVICE_FAMILY = "1,2";
				TEST_HOST = "$(BUILT_PRODUCTS_DIR)/Moments.app/Moments";
			};
			name = Debug;
		};
		A3E6D2CF29681FB3003730EE /* Release */ = {
			isa = XCBuildConfiguration;
			buildSettings = {
				ALWAYS_EMBED_SWIFT_STANDARD_LIBRARIES = YES;
				BUNDLE_LOADER = "$(TEST_HOST)";
				CODE_SIGN_STYLE = Automatic;
				CURRENT_PROJECT_VERSION = 1;
				GENERATE_INFOPLIST_FILE = YES;
				IPHONEOS_DEPLOYMENT_TARGET = 15.5;
				MARKETING_VERSION = 1.0;
				PRODUCT_BUNDLE_IDENTIFIER = com.jakezhou.MomentsTests;
				PRODUCT_NAME = "$(TARGET_NAME)";
				SWIFT_EMIT_LOC_STRINGS = NO;
				SWIFT_VERSION = 5.0;
				TARGETED_DEVICE_FAMILY = "1,2";
				TEST_HOST = "$(BUILT_PRODUCTS_DIR)/Moments.app/Moments";
			};
			name = Release;
		};
		A3E6D2D129681FB3003730EE /* Debug */ = {
			isa = XCBuildConfiguration;
			buildSettings = {
				ALWAYS_EMBED_SWIFT_STANDARD_LIBRARIES = YES;
				CODE_SIGN_STYLE = Automatic;
				CURRENT_PROJECT_VERSION = 1;
				GENERATE_INFOPLIST_FILE = YES;
				MARKETING_VERSION = 1.0;
				PRODUCT_BUNDLE_IDENTIFIER = com.jakezhou.MomentsUITests;
				PRODUCT_NAME = "$(TARGET_NAME)";
				SWIFT_EMIT_LOC_STRINGS = NO;
				SWIFT_VERSION = 5.0;
				TARGETED_DEVICE_FAMILY = "1,2";
				TEST_TARGET_NAME = Moments;
			};
			name = Debug;
		};
		A3E6D2D229681FB3003730EE /* Release */ = {
			isa = XCBuildConfiguration;
			buildSettings = {
				ALWAYS_EMBED_SWIFT_STANDARD_LIBRARIES = YES;
				CODE_SIGN_STYLE = Automatic;
				CURRENT_PROJECT_VERSION = 1;
				GENERATE_INFOPLIST_FILE = YES;
				MARKETING_VERSION = 1.0;
				PRODUCT_BUNDLE_IDENTIFIER = com.jakezhou.MomentsUITests;
				PRODUCT_NAME = "$(TARGET_NAME)";
				SWIFT_EMIT_LOC_STRINGS = NO;
				SWIFT_VERSION = 5.0;
				TARGETED_DEVICE_FAMILY = "1,2";
				TEST_TARGET_NAME = Moments;
			};
			name = Release;
		};
/* End XCBuildConfiguration section */

/* Begin XCConfigurationList section */
		A3E6D29B29681FB1003730EE /* Build configuration list for PBXProject "Moments" */ = {
			isa = XCConfigurationList;
			buildConfigurations = (
				A3E6D2C829681FB3003730EE /* Debug */,
				A3E6D2C929681FB3003730EE /* Release */,
			);
			defaultConfigurationIsVisible = 0;
			defaultConfigurationName = Release;
		};
		A3E6D2CA29681FB3003730EE /* Build configuration list for PBXNativeTarget "Moments" */ = {
			isa = XCConfigurationList;
			buildConfigurations = (
				A3E6D2CB29681FB3003730EE /* Debug */,
				A3E6D2CC29681FB3003730EE /* Release */,
			);
			defaultConfigurationIsVisible = 0;
			defaultConfigurationName = Release;
		};
		A3E6D2CD29681FB3003730EE /* Build configuration list for PBXNativeTarget "MomentsTests" */ = {
			isa = XCConfigurationList;
			buildConfigurations = (
				A3E6D2CE29681FB3003730EE /* Debug */,
				A3E6D2CF29681FB3003730EE /* Release */,
			);
			defaultConfigurationIsVisible = 0;
			defaultConfigurationName = Release;
		};
		A3E6D2D029681FB3003730EE /* Build configuration list for PBXNativeTarget "MomentsUITests" */ = {
			isa = XCConfigurationList;
			buildConfigurations = (
				A3E6D2D129681FB3003730EE /* Debug */,
				A3E6D2D229681FB3003730EE /* Release */,
			);
			defaultConfigurationIsVisible = 0;
			defaultConfigurationName = Release;
		};
/* End XCConfigurationList section */
	};
	rootObject = A3E6D29829681FB1003730EE /* Project object */;
}
